// !$*UTF8*$!
{
	archiveVersion = 1;
	classes = {
	};
	objectVersion = 56;
	objects = {

/* Begin PBXBuildFile section */
		1C83F8CD31B4D22CEDDBCFA8 /* Pods_SwiftFake_SwiftFakeUITests.framework in Frameworks */ = {isa = PBXBuildFile; fileRef = 1BED7A87DC9B44AF64363EEA /* Pods_SwiftFake_SwiftFakeUITests.framework */; };
		2A68440A312D28ACFADAC2BD /* Pods_SwiftFakeTests.framework in Frameworks */ = {isa = PBXBuildFile; fileRef = 11C8337D12B0736908E0C123 /* Pods_SwiftFakeTests.framework */; };
		5D4588C16188DDB38352064A /* Pods_SwiftFake.framework in Frameworks */ = {isa = PBXBuildFile; fileRef = 035732070BF96A8096EAD115 /* Pods_SwiftFake.framework */; };
		F96DA4932CB4EEE5008FB892 /* FFmpegHelper.m in Sources */ = {isa = PBXBuildFile; fileRef = F96DA4922CB4EEE5008FB892 /* FFmpegHelper.m */; };
		F96DA4992CB5D030008FB892 /* RTVCViewModel.swift in Sources */ = {isa = PBXBuildFile; fileRef = F96DA4982CB5D030008FB892 /* RTVCViewModel.swift */; };
		F96DA49B2CB5D041008FB892 /* RTVCView.swift in Sources */ = {isa = PBXBuildFile; fileRef = F96DA49A2CB5D041008FB892 /* RTVCView.swift */; };
		F9CB01EC2CADA7F9000D2D6E /* SwiftFakeApp.swift in Sources */ = {isa = PBXBuildFile; fileRef = F9CB01EB2CADA7F9000D2D6E /* SwiftFakeApp.swift */; };
		F9CB01EE2CADA7F9000D2D6E /* ContentView.swift in Sources */ = {isa = PBXBuildFile; fileRef = F9CB01ED2CADA7F9000D2D6E /* ContentView.swift */; };
		F9CB01F02CADA7FA000D2D6E /* Assets.xcassets in Resources */ = {isa = PBXBuildFile; fileRef = F9CB01EF2CADA7FA000D2D6E /* Assets.xcassets */; };
		F9CB01F32CADA7FA000D2D6E /* Preview Assets.xcassets in Resources */ = {isa = PBXBuildFile; fileRef = F9CB01F22CADA7FA000D2D6E /* Preview Assets.xcassets */; };
		F9CB01FD2CADA7FB000D2D6E /* SwiftFakeTests.swift in Sources */ = {isa = PBXBuildFile; fileRef = F9CB01FC2CADA7FB000D2D6E /* SwiftFakeTests.swift */; };
		F9CB02072CADA7FB000D2D6E /* SwiftFakeUITests.swift in Sources */ = {isa = PBXBuildFile; fileRef = F9CB02062CADA7FB000D2D6E /* SwiftFakeUITests.swift */; };
		F9CB02092CADA7FB000D2D6E /* SwiftFakeUITestsLaunchTests.swift in Sources */ = {isa = PBXBuildFile; fileRef = F9CB02082CADA7FB000D2D6E /* SwiftFakeUITestsLaunchTests.swift */; };
		F9CB02162CADC127000D2D6E /* RecorderView.swift in Sources */ = {isa = PBXBuildFile; fileRef = F9CB02152CADC127000D2D6E /* RecorderView.swift */; };
		F9CB021A2CADC48A000D2D6E /* RecorderViewModel.swift in Sources */ = {isa = PBXBuildFile; fileRef = F9CB02192CADC48A000D2D6E /* RecorderViewModel.swift */; };
		F9CB021E2CAF1C7B000D2D6E /* ConverterViewModel.swift in Sources */ = {isa = PBXBuildFile; fileRef = F9CB021D2CAF1C7B000D2D6E /* ConverterViewModel.swift */; };
		F9CB02202CAF1C85000D2D6E /* ConverterView.swift in Sources */ = {isa = PBXBuildFile; fileRef = F9CB021F2CAF1C85000D2D6E /* ConverterView.swift */; };
		F9CB022D2CAF276F000D2D6E /* RTVC.mlpackage in Sources */ = {isa = PBXBuildFile; fileRef = F9CB022C2CAF276F000D2D6E /* RTVC.mlpackage */; };
/* End PBXBuildFile section */

/* Begin PBXContainerItemProxy section */
		F9CB01F92CADA7FB000D2D6E /* PBXContainerItemProxy */ = {
			isa = PBXContainerItemProxy;
			containerPortal = F9CB01E02CADA7F9000D2D6E /* Project object */;
			proxyType = 1;
			remoteGlobalIDString = F9CB01E72CADA7F9000D2D6E;
			remoteInfo = SwiftFake;
		};
		F9CB02032CADA7FB000D2D6E /* PBXContainerItemProxy */ = {
			isa = PBXContainerItemProxy;
			containerPortal = F9CB01E02CADA7F9000D2D6E /* Project object */;
			proxyType = 1;
			remoteGlobalIDString = F9CB01E72CADA7F9000D2D6E;
			remoteInfo = SwiftFake;
		};
/* End PBXContainerItemProxy section */

/* Begin PBXFileReference section */
		035732070BF96A8096EAD115 /* Pods_SwiftFake.framework */ = {isa = PBXFileReference; explicitFileType = wrapper.framework; includeInIndex = 0; path = Pods_SwiftFake.framework; sourceTree = BUILT_PRODUCTS_DIR; };
		056B3931E83A1C9CE53E4AEA /* Pods-SwiftFake.debug.xcconfig */ = {isa = PBXFileReference; includeInIndex = 1; lastKnownFileType = text.xcconfig; name = "Pods-SwiftFake.debug.xcconfig"; path = "Target Support Files/Pods-SwiftFake/Pods-SwiftFake.debug.xcconfig"; sourceTree = "<group>"; };
		11C8337D12B0736908E0C123 /* Pods_SwiftFakeTests.framework */ = {isa = PBXFileReference; explicitFileType = wrapper.framework; includeInIndex = 0; path = Pods_SwiftFakeTests.framework; sourceTree = BUILT_PRODUCTS_DIR; };
		1BED7A87DC9B44AF64363EEA /* Pods_SwiftFake_SwiftFakeUITests.framework */ = {isa = PBXFileReference; explicitFileType = wrapper.framework; includeInIndex = 0; path = Pods_SwiftFake_SwiftFakeUITests.framework; sourceTree = BUILT_PRODUCTS_DIR; };
		44B1B4CA4BAAA3D282B98638 /* Pods-SwiftFakeTests.debug.xcconfig */ = {isa = PBXFileReference; includeInIndex = 1; lastKnownFileType = text.xcconfig; name = "Pods-SwiftFakeTests.debug.xcconfig"; path = "Target Support Files/Pods-SwiftFakeTests/Pods-SwiftFakeTests.debug.xcconfig"; sourceTree = "<group>"; };
		48D6BED44FB567D366989C04 /* Pods-SwiftFake.release.xcconfig */ = {isa = PBXFileReference; includeInIndex = 1; lastKnownFileType = text.xcconfig; name = "Pods-SwiftFake.release.xcconfig"; path = "Target Support Files/Pods-SwiftFake/Pods-SwiftFake.release.xcconfig"; sourceTree = "<group>"; };
		51AB168BC5F343F7A7FBB6EC /* Pods-SwiftFakeTests.release.xcconfig */ = {isa = PBXFileReference; includeInIndex = 1; lastKnownFileType = text.xcconfig; name = "Pods-SwiftFakeTests.release.xcconfig"; path = "Target Support Files/Pods-SwiftFakeTests/Pods-SwiftFakeTests.release.xcconfig"; sourceTree = "<group>"; };
		5B7344C60CD881C97CA86005 /* Pods-SwiftFake-SwiftFakeUITests.release.xcconfig */ = {isa = PBXFileReference; includeInIndex = 1; lastKnownFileType = text.xcconfig; name = "Pods-SwiftFake-SwiftFakeUITests.release.xcconfig"; path = "Target Support Files/Pods-SwiftFake-SwiftFakeUITests/Pods-SwiftFake-SwiftFakeUITests.release.xcconfig"; sourceTree = "<group>"; };
		B8965D3B01C4A56012911762 /* Pods-SwiftFake-SwiftFakeUITests.debug.xcconfig */ = {isa = PBXFileReference; includeInIndex = 1; lastKnownFileType = text.xcconfig; name = "Pods-SwiftFake-SwiftFakeUITests.debug.xcconfig"; path = "Target Support Files/Pods-SwiftFake-SwiftFakeUITests/Pods-SwiftFake-SwiftFakeUITests.debug.xcconfig"; sourceTree = "<group>"; };
		F96DA4922CB4EEE5008FB892 /* FFmpegHelper.m */ = {isa = PBXFileReference; lastKnownFileType = sourcecode.c.objc; path = FFmpegHelper.m; sourceTree = "<group>"; };
		F96DA4962CB4F4B4008FB892 /* SwiftFake-Bridging-Header.h */ = {isa = PBXFileReference; lastKnownFileType = sourcecode.c.h; path = "SwiftFake-Bridging-Header.h"; sourceTree = "<group>"; };
		F96DA4972CB4F545008FB892 /* FFmpegHelper.h */ = {isa = PBXFileReference; lastKnownFileType = sourcecode.c.h; path = FFmpegHelper.h; sourceTree = "<group>"; };
		F96DA4982CB5D030008FB892 /* RTVCViewModel.swift */ = {isa = PBXFileReference; lastKnownFileType = sourcecode.swift; path = RTVCViewModel.swift; sourceTree = "<group>"; };
		F96DA49A2CB5D041008FB892 /* RTVCView.swift */ = {isa = PBXFileReference; lastKnownFileType = sourcecode.swift; path = RTVCView.swift; sourceTree = "<group>"; };
		F98D3EE12CB4627B008FA11A /* Info.plist */ = {isa = PBXFileReference; lastKnownFileType = text.plist; path = Info.plist; sourceTree = "<group>"; };
		F9CB01E82CADA7F9000D2D6E /* SwiftFake.app */ = {isa = PBXFileReference; explicitFileType = wrapper.application; includeInIndex = 0; path = SwiftFake.app; sourceTree = BUILT_PRODUCTS_DIR; };
		F9CB01EB2CADA7F9000D2D6E /* SwiftFakeApp.swift */ = {isa = PBXFileReference; lastKnownFileType = sourcecode.swift; path = SwiftFakeApp.swift; sourceTree = "<group>"; };
		F9CB01ED2CADA7F9000D2D6E /* ContentView.swift */ = {isa = PBXFileReference; lastKnownFileType = sourcecode.swift; path = ContentView.swift; sourceTree = "<group>"; };
		F9CB01EF2CADA7FA000D2D6E /* Assets.xcassets */ = {isa = PBXFileReference; lastKnownFileType = folder.assetcatalog; path = Assets.xcassets; sourceTree = "<group>"; };
		F9CB01F22CADA7FA000D2D6E /* Preview Assets.xcassets */ = {isa = PBXFileReference; lastKnownFileType = folder.assetcatalog; path = "Preview Assets.xcassets"; sourceTree = "<group>"; };
		F9CB01F82CADA7FB000D2D6E /* SwiftFakeTests.xctest */ = {isa = PBXFileReference; explicitFileType = wrapper.cfbundle; includeInIndex = 0; path = SwiftFakeTests.xctest; sourceTree = BUILT_PRODUCTS_DIR; };
		F9CB01FC2CADA7FB000D2D6E /* SwiftFakeTests.swift */ = {isa = PBXFileReference; lastKnownFileType = sourcecode.swift; path = SwiftFakeTests.swift; sourceTree = "<group>"; };
		F9CB02022CADA7FB000D2D6E /* SwiftFakeUITests.xctest */ = {isa = PBXFileReference; explicitFileType = wrapper.cfbundle; includeInIndex = 0; path = SwiftFakeUITests.xctest; sourceTree = BUILT_PRODUCTS_DIR; };
		F9CB02062CADA7FB000D2D6E /* SwiftFakeUITests.swift */ = {isa = PBXFileReference; lastKnownFileType = sourcecode.swift; path = SwiftFakeUITests.swift; sourceTree = "<group>"; };
		F9CB02082CADA7FB000D2D6E /* SwiftFakeUITestsLaunchTests.swift */ = {isa = PBXFileReference; lastKnownFileType = sourcecode.swift; path = SwiftFakeUITestsLaunchTests.swift; sourceTree = "<group>"; };
		F9CB02152CADC127000D2D6E /* RecorderView.swift */ = {isa = PBXFileReference; lastKnownFileType = sourcecode.swift; path = RecorderView.swift; sourceTree = "<group>"; };
		F9CB02192CADC48A000D2D6E /* RecorderViewModel.swift */ = {isa = PBXFileReference; lastKnownFileType = sourcecode.swift; path = RecorderViewModel.swift; sourceTree = "<group>"; };
		F9CB021D2CAF1C7B000D2D6E /* ConverterViewModel.swift */ = {isa = PBXFileReference; lastKnownFileType = sourcecode.swift; path = ConverterViewModel.swift; sourceTree = "<group>"; };
		F9CB021F2CAF1C85000D2D6E /* ConverterView.swift */ = {isa = PBXFileReference; lastKnownFileType = sourcecode.swift; path = ConverterView.swift; sourceTree = "<group>"; };
		F9CB022C2CAF276F000D2D6E /* RTVC.mlpackage */ = {isa = PBXFileReference; lastKnownFileType = folder.mlpackage; path = RTVC.mlpackage; sourceTree = "<group>"; };
/* End PBXFileReference section */

/* Begin PBXFrameworksBuildPhase section */
		F9CB01E52CADA7F9000D2D6E /* Frameworks */ = {
			isa = PBXFrameworksBuildPhase;
			buildActionMask = 2147483647;
			files = (
				5D4588C16188DDB38352064A /* Pods_SwiftFake.framework in Frameworks */,
			);
			runOnlyForDeploymentPostprocessing = 0;
		};
		F9CB01F52CADA7FB000D2D6E /* Frameworks */ = {
			isa = PBXFrameworksBuildPhase;
			buildActionMask = 2147483647;
			files = (
				2A68440A312D28ACFADAC2BD /* Pods_SwiftFakeTests.framework in Frameworks */,
			);
			runOnlyForDeploymentPostprocessing = 0;
		};
		F9CB01FF2CADA7FB000D2D6E /* Frameworks */ = {
			isa = PBXFrameworksBuildPhase;
			buildActionMask = 2147483647;
			files = (
				1C83F8CD31B4D22CEDDBCFA8 /* Pods_SwiftFake_SwiftFakeUITests.framework in Frameworks */,
			);
			runOnlyForDeploymentPostprocessing = 0;
		};
/* End PBXFrameworksBuildPhase section */

/* Begin PBXGroup section */
		084DF99404FDD93920FE4A67 /* Frameworks */ = {
			isa = PBXGroup;
			children = (
				035732070BF96A8096EAD115 /* Pods_SwiftFake.framework */,
				1BED7A87DC9B44AF64363EEA /* Pods_SwiftFake_SwiftFakeUITests.framework */,
				11C8337D12B0736908E0C123 /* Pods_SwiftFakeTests.framework */,
			);
			name = Frameworks;
			sourceTree = "<group>";
		};
		BA411D6A78B317391ADEB807 /* Pods */ = {
			isa = PBXGroup;
			children = (
				056B3931E83A1C9CE53E4AEA /* Pods-SwiftFake.debug.xcconfig */,
				48D6BED44FB567D366989C04 /* Pods-SwiftFake.release.xcconfig */,
				B8965D3B01C4A56012911762 /* Pods-SwiftFake-SwiftFakeUITests.debug.xcconfig */,
				5B7344C60CD881C97CA86005 /* Pods-SwiftFake-SwiftFakeUITests.release.xcconfig */,
				44B1B4CA4BAAA3D282B98638 /* Pods-SwiftFakeTests.debug.xcconfig */,
				51AB168BC5F343F7A7FBB6EC /* Pods-SwiftFakeTests.release.xcconfig */,
			);
			path = Pods;
			sourceTree = "<group>";
		};
		F9CB01DF2CADA7F9000D2D6E = {
			isa = PBXGroup;
			children = (
				F9CB01EA2CADA7F9000D2D6E /* SwiftFake */,
				F9CB01FB2CADA7FB000D2D6E /* SwiftFakeTests */,
				F9CB02052CADA7FB000D2D6E /* SwiftFakeUITests */,
				F9CB01E92CADA7F9000D2D6E /* Products */,
				BA411D6A78B317391ADEB807 /* Pods */,
				084DF99404FDD93920FE4A67 /* Frameworks */,
			);
			sourceTree = "<group>";
		};
		F9CB01E92CADA7F9000D2D6E /* Products */ = {
			isa = PBXGroup;
			children = (
				F9CB01E82CADA7F9000D2D6E /* SwiftFake.app */,
				F9CB01F82CADA7FB000D2D6E /* SwiftFakeTests.xctest */,
				F9CB02022CADA7FB000D2D6E /* SwiftFakeUITests.xctest */,
			);
			name = Products;
			sourceTree = "<group>";
		};
		F9CB01EA2CADA7F9000D2D6E /* SwiftFake */ = {
			isa = PBXGroup;
			children = (
				F98D3EE12CB4627B008FA11A /* Info.plist */,
				F9CB022A2CAF274C000D2D6E /* Support */,
				F9CB01EB2CADA7F9000D2D6E /* SwiftFakeApp.swift */,
				F9CB01ED2CADA7F9000D2D6E /* ContentView.swift */,
				F9CB01EF2CADA7FA000D2D6E /* Assets.xcassets */,
				F9CB01F12CADA7FA000D2D6E /* Preview Content */,
				F9CB02152CADC127000D2D6E /* RecorderView.swift */,
				F9CB02192CADC48A000D2D6E /* RecorderViewModel.swift */,
				F9CB021D2CAF1C7B000D2D6E /* ConverterViewModel.swift */,
				F9CB021F2CAF1C85000D2D6E /* ConverterView.swift */,
				F96DA4922CB4EEE5008FB892 /* FFmpegHelper.m */,
				F96DA4962CB4F4B4008FB892 /* SwiftFake-Bridging-Header.h */,
				F96DA4972CB4F545008FB892 /* FFmpegHelper.h */,
				F96DA4982CB5D030008FB892 /* RTVCViewModel.swift */,
				F96DA49A2CB5D041008FB892 /* RTVCView.swift */,
			);
			path = SwiftFake;
			sourceTree = "<group>";
		};
		F9CB01F12CADA7FA000D2D6E /* Preview Content */ = {
			isa = PBXGroup;
			children = (
				F9CB01F22CADA7FA000D2D6E /* Preview Assets.xcassets */,
			);
			path = "Preview Content";
			sourceTree = "<group>";
		};
		F9CB01FB2CADA7FB000D2D6E /* SwiftFakeTests */ = {
			isa = PBXGroup;
			children = (
				F9CB01FC2CADA7FB000D2D6E /* SwiftFakeTests.swift */,
			);
			path = SwiftFakeTests;
			sourceTree = "<group>";
		};
		F9CB02052CADA7FB000D2D6E /* SwiftFakeUITests */ = {
			isa = PBXGroup;
			children = (
				F9CB02062CADA7FB000D2D6E /* SwiftFakeUITests.swift */,
				F9CB02082CADA7FB000D2D6E /* SwiftFakeUITestsLaunchTests.swift */,
			);
			path = SwiftFakeUITests;
			sourceTree = "<group>";
		};
		F9CB022A2CAF274C000D2D6E /* Support */ = {
			isa = PBXGroup;
			children = (
				F9CB022B2CAF2752000D2D6E /* Models */,
			);
			path = Support;
			sourceTree = "<group>";
		};
		F9CB022B2CAF2752000D2D6E /* Models */ = {
			isa = PBXGroup;
			children = (
				F9CB022C2CAF276F000D2D6E /* RTVC.mlpackage */,
			);
			path = Models;
			sourceTree = "<group>";
		};
/* End PBXGroup section */

/* Begin PBXNativeTarget section */
		F9CB01E72CADA7F9000D2D6E /* SwiftFake */ = {
			isa = PBXNativeTarget;
			buildConfigurationList = F9CB020C2CADA7FB000D2D6E /* Build configuration list for PBXNativeTarget "SwiftFake" */;
			buildPhases = (
				0CD62F30149FFD2D151FC902 /* [CP] Check Pods Manifest.lock */,
				F9CB01E42CADA7F9000D2D6E /* Sources */,
				F9CB01E52CADA7F9000D2D6E /* Frameworks */,
				F9CB01E62CADA7F9000D2D6E /* Resources */,
				11D0AB84C764085B813F90AF /* [CP] Embed Pods Frameworks */,
			);
			buildRules = (
			);
			dependencies = (
			);
			name = SwiftFake;
			packageProductDependencies = (
			);
			productName = SwiftFake;
			productReference = F9CB01E82CADA7F9000D2D6E /* SwiftFake.app */;
			productType = "com.apple.product-type.application";
		};
		F9CB01F72CADA7FB000D2D6E /* SwiftFakeTests */ = {
			isa = PBXNativeTarget;
			buildConfigurationList = F9CB020F2CADA7FB000D2D6E /* Build configuration list for PBXNativeTarget "SwiftFakeTests" */;
			buildPhases = (
				22C2554F68ADAFF7DEFA8703 /* [CP] Check Pods Manifest.lock */,
				F9CB01F42CADA7FB000D2D6E /* Sources */,
				F9CB01F52CADA7FB000D2D6E /* Frameworks */,
				F9CB01F62CADA7FB000D2D6E /* Resources */,
			);
			buildRules = (
			);
			dependencies = (
				F9CB01FA2CADA7FB000D2D6E /* PBXTargetDependency */,
			);
			name = SwiftFakeTests;
			productName = SwiftFakeTests;
			productReference = F9CB01F82CADA7FB000D2D6E /* SwiftFakeTests.xctest */;
			productType = "com.apple.product-type.bundle.unit-test";
		};
		F9CB02012CADA7FB000D2D6E /* SwiftFakeUITests */ = {
			isa = PBXNativeTarget;
			buildConfigurationList = F9CB02122CADA7FB000D2D6E /* Build configuration list for PBXNativeTarget "SwiftFakeUITests" */;
			buildPhases = (
				D6B0D369121EBE1A2C2AD9A5 /* [CP] Check Pods Manifest.lock */,
				F9CB01FE2CADA7FB000D2D6E /* Sources */,
				F9CB01FF2CADA7FB000D2D6E /* Frameworks */,
				F9CB02002CADA7FB000D2D6E /* Resources */,
				592238343F479C02CA4F1956 /* [CP] Embed Pods Frameworks */,
			);
			buildRules = (
			);
			dependencies = (
				F9CB02042CADA7FB000D2D6E /* PBXTargetDependency */,
			);
			name = SwiftFakeUITests;
			productName = SwiftFakeUITests;
			productReference = F9CB02022CADA7FB000D2D6E /* SwiftFakeUITests.xctest */;
			productType = "com.apple.product-type.bundle.ui-testing";
		};
/* End PBXNativeTarget section */

/* Begin PBXProject section */
		F9CB01E02CADA7F9000D2D6E /* Project object */ = {
			isa = PBXProject;
			attributes = {
				BuildIndependentTargetsInParallel = 1;
				LastSwiftUpdateCheck = 1520;
				LastUpgradeCheck = 1520;
				TargetAttributes = {
					F9CB01E72CADA7F9000D2D6E = {
						CreatedOnToolsVersion = 15.2;
					};
					F9CB01F72CADA7FB000D2D6E = {
						CreatedOnToolsVersion = 15.2;
						TestTargetID = F9CB01E72CADA7F9000D2D6E;
					};
					F9CB02012CADA7FB000D2D6E = {
						CreatedOnToolsVersion = 15.2;
						TestTargetID = F9CB01E72CADA7F9000D2D6E;
					};
				};
			};
			buildConfigurationList = F9CB01E32CADA7F9000D2D6E /* Build configuration list for PBXProject "SwiftFake" */;
			compatibilityVersion = "Xcode 14.0";
			developmentRegion = en;
			hasScannedForEncodings = 0;
			knownRegions = (
				en,
				Base,
			);
			mainGroup = F9CB01DF2CADA7F9000D2D6E;
			packageReferences = (
			);
			productRefGroup = F9CB01E92CADA7F9000D2D6E /* Products */;
			projectDirPath = "";
			projectRoot = "";
			targets = (
				F9CB01E72CADA7F9000D2D6E /* SwiftFake */,
				F9CB01F72CADA7FB000D2D6E /* SwiftFakeTests */,
				F9CB02012CADA7FB000D2D6E /* SwiftFakeUITests */,
			);
		};
/* End PBXProject section */

/* Begin PBXResourcesBuildPhase section */
		F9CB01E62CADA7F9000D2D6E /* Resources */ = {
			isa = PBXResourcesBuildPhase;
			buildActionMask = 2147483647;
			files = (
				F9CB01F32CADA7FA000D2D6E /* Preview Assets.xcassets in Resources */,
				F9CB01F02CADA7FA000D2D6E /* Assets.xcassets in Resources */,
			);
			runOnlyForDeploymentPostprocessing = 0;
		};
		F9CB01F62CADA7FB000D2D6E /* Resources */ = {
			isa = PBXResourcesBuildPhase;
			buildActionMask = 2147483647;
			files = (
			);
			runOnlyForDeploymentPostprocessing = 0;
		};
		F9CB02002CADA7FB000D2D6E /* Resources */ = {
			isa = PBXResourcesBuildPhase;
			buildActionMask = 2147483647;
			files = (
			);
			runOnlyForDeploymentPostprocessing = 0;
		};
/* End PBXResourcesBuildPhase section */

/* Begin PBXShellScriptBuildPhase section */
		0CD62F30149FFD2D151FC902 /* [CP] Check Pods Manifest.lock */ = {
			isa = PBXShellScriptBuildPhase;
			buildActionMask = 2147483647;
			files = (
			);
			inputFileListPaths = (
			);
			inputPaths = (
				"${PODS_PODFILE_DIR_PATH}/Podfile.lock",
				"${PODS_ROOT}/Manifest.lock",
			);
			name = "[CP] Check Pods Manifest.lock";
			outputFileListPaths = (
			);
			outputPaths = (
				"$(DERIVED_FILE_DIR)/Pods-SwiftFake-checkManifestLockResult.txt",
			);
			runOnlyForDeploymentPostprocessing = 0;
			shellPath = /bin/sh;
			shellScript = "diff \"${PODS_PODFILE_DIR_PATH}/Podfile.lock\" \"${PODS_ROOT}/Manifest.lock\" > /dev/null\nif [ $? != 0 ] ; then\n    # print error to STDERR\n    echo \"error: The sandbox is not in sync with the Podfile.lock. Run 'pod install' or update your CocoaPods installation.\" >&2\n    exit 1\nfi\n# This output is used by Xcode 'outputs' to avoid re-running this script phase.\necho \"SUCCESS\" > \"${SCRIPT_OUTPUT_FILE_0}\"\n";
			showEnvVarsInLog = 0;
		};
		11D0AB84C764085B813F90AF /* [CP] Embed Pods Frameworks */ = {
			isa = PBXShellScriptBuildPhase;
			buildActionMask = 2147483647;
			files = (
			);
			inputFileListPaths = (
				"${PODS_ROOT}/Target Support Files/Pods-SwiftFake/Pods-SwiftFake-frameworks-${CONFIGURATION}-input-files.xcfilelist",
			);
			name = "[CP] Embed Pods Frameworks";
			outputFileListPaths = (
				"${PODS_ROOT}/Target Support Files/Pods-SwiftFake/Pods-SwiftFake-frameworks-${CONFIGURATION}-output-files.xcfilelist",
			);
			runOnlyForDeploymentPostprocessing = 0;
			shellPath = /bin/sh;
			shellScript = "\"${PODS_ROOT}/Target Support Files/Pods-SwiftFake/Pods-SwiftFake-frameworks.sh\"\n";
			showEnvVarsInLog = 0;
		};
		22C2554F68ADAFF7DEFA8703 /* [CP] Check Pods Manifest.lock */ = {
			isa = PBXShellScriptBuildPhase;
			buildActionMask = 2147483647;
			files = (
			);
			inputFileListPaths = (
			);
			inputPaths = (
				"${PODS_PODFILE_DIR_PATH}/Podfile.lock",
				"${PODS_ROOT}/Manifest.lock",
			);
			name = "[CP] Check Pods Manifest.lock";
			outputFileListPaths = (
			);
			outputPaths = (
				"$(DERIVED_FILE_DIR)/Pods-SwiftFakeTests-checkManifestLockResult.txt",
			);
			runOnlyForDeploymentPostprocessing = 0;
			shellPath = /bin/sh;
			shellScript = "diff \"${PODS_PODFILE_DIR_PATH}/Podfile.lock\" \"${PODS_ROOT}/Manifest.lock\" > /dev/null\nif [ $? != 0 ] ; then\n    # print error to STDERR\n    echo \"error: The sandbox is not in sync with the Podfile.lock. Run 'pod install' or update your CocoaPods installation.\" >&2\n    exit 1\nfi\n# This output is used by Xcode 'outputs' to avoid re-running this script phase.\necho \"SUCCESS\" > \"${SCRIPT_OUTPUT_FILE_0}\"\n";
			showEnvVarsInLog = 0;
		};
		592238343F479C02CA4F1956 /* [CP] Embed Pods Frameworks */ = {
			isa = PBXShellScriptBuildPhase;
			buildActionMask = 2147483647;
			files = (
			);
			inputFileListPaths = (
				"${PODS_ROOT}/Target Support Files/Pods-SwiftFake-SwiftFakeUITests/Pods-SwiftFake-SwiftFakeUITests-frameworks-${CONFIGURATION}-input-files.xcfilelist",
			);
			name = "[CP] Embed Pods Frameworks";
			outputFileListPaths = (
				"${PODS_ROOT}/Target Support Files/Pods-SwiftFake-SwiftFakeUITests/Pods-SwiftFake-SwiftFakeUITests-frameworks-${CONFIGURATION}-output-files.xcfilelist",
			);
			runOnlyForDeploymentPostprocessing = 0;
			shellPath = /bin/sh;
			shellScript = "\"${PODS_ROOT}/Target Support Files/Pods-SwiftFake-SwiftFakeUITests/Pods-SwiftFake-SwiftFakeUITests-frameworks.sh\"\n";
			showEnvVarsInLog = 0;
		};
		D6B0D369121EBE1A2C2AD9A5 /* [CP] Check Pods Manifest.lock */ = {
			isa = PBXShellScriptBuildPhase;
			buildActionMask = 2147483647;
			files = (
			);
			inputFileListPaths = (
			);
			inputPaths = (
				"${PODS_PODFILE_DIR_PATH}/Podfile.lock",
				"${PODS_ROOT}/Manifest.lock",
			);
			name = "[CP] Check Pods Manifest.lock";
			outputFileListPaths = (
			);
			outputPaths = (
				"$(DERIVED_FILE_DIR)/Pods-SwiftFake-SwiftFakeUITests-checkManifestLockResult.txt",
			);
			runOnlyForDeploymentPostprocessing = 0;
			shellPath = /bin/sh;
			shellScript = "diff \"${PODS_PODFILE_DIR_PATH}/Podfile.lock\" \"${PODS_ROOT}/Manifest.lock\" > /dev/null\nif [ $? != 0 ] ; then\n    # print error to STDERR\n    echo \"error: The sandbox is not in sync with the Podfile.lock. Run 'pod install' or update your CocoaPods installation.\" >&2\n    exit 1\nfi\n# This output is used by Xcode 'outputs' to avoid re-running this script phase.\necho \"SUCCESS\" > \"${SCRIPT_OUTPUT_FILE_0}\"\n";
			showEnvVarsInLog = 0;
		};
/* End PBXShellScriptBuildPhase section */

/* Begin PBXSourcesBuildPhase section */
		F9CB01E42CADA7F9000D2D6E /* Sources */ = {
			isa = PBXSourcesBuildPhase;
			buildActionMask = 2147483647;
			files = (
				F9CB021A2CADC48A000D2D6E /* RecorderViewModel.swift in Sources */,
				F96DA4992CB5D030008FB892 /* RTVCViewModel.swift in Sources */,
				F9CB021E2CAF1C7B000D2D6E /* ConverterViewModel.swift in Sources */,
				F9CB02162CADC127000D2D6E /* RecorderView.swift in Sources */,
				F9CB02202CAF1C85000D2D6E /* ConverterView.swift in Sources */,
				F9CB01EE2CADA7F9000D2D6E /* ContentView.swift in Sources */,
				F9CB022D2CAF276F000D2D6E /* RTVC.mlpackage in Sources */,
				F96DA4932CB4EEE5008FB892 /* FFmpegHelper.m in Sources */,
				F9CB01EC2CADA7F9000D2D6E /* SwiftFakeApp.swift in Sources */,
				F96DA49B2CB5D041008FB892 /* RTVCView.swift in Sources */,
			);
			runOnlyForDeploymentPostprocessing = 0;
		};
		F9CB01F42CADA7FB000D2D6E /* Sources */ = {
			isa = PBXSourcesBuildPhase;
			buildActionMask = 2147483647;
			files = (
				F9CB01FD2CADA7FB000D2D6E /* SwiftFakeTests.swift in Sources */,
			);
			runOnlyForDeploymentPostprocessing = 0;
		};
		F9CB01FE2CADA7FB000D2D6E /* Sources */ = {
			isa = PBXSourcesBuildPhase;
			buildActionMask = 2147483647;
			files = (
				F9CB02072CADA7FB000D2D6E /* SwiftFakeUITests.swift in Sources */,
				F9CB02092CADA7FB000D2D6E /* SwiftFakeUITestsLaunchTests.swift in Sources */,
			);
			runOnlyForDeploymentPostprocessing = 0;
		};
/* End PBXSourcesBuildPhase section */

/* Begin PBXTargetDependency section */
		F9CB01FA2CADA7FB000D2D6E /* PBXTargetDependency */ = {
			isa = PBXTargetDependency;
			target = F9CB01E72CADA7F9000D2D6E /* SwiftFake */;
			targetProxy = F9CB01F92CADA7FB000D2D6E /* PBXContainerItemProxy */;
		};
		F9CB02042CADA7FB000D2D6E /* PBXTargetDependency */ = {
			isa = PBXTargetDependency;
			target = F9CB01E72CADA7F9000D2D6E /* SwiftFake */;
			targetProxy = F9CB02032CADA7FB000D2D6E /* PBXContainerItemProxy */;
		};
/* End PBXTargetDependency section */

/* Begin XCBuildConfiguration section */
		F9CB020A2CADA7FB000D2D6E /* Debug */ = {
			isa = XCBuildConfiguration;
			buildSettings = {
				ALWAYS_SEARCH_USER_PATHS = NO;
				ASSETCATALOG_COMPILER_GENERATE_SWIFT_ASSET_SYMBOL_EXTENSIONS = YES;
				CLANG_ANALYZER_NONNULL = YES;
				CLANG_ANALYZER_NUMBER_OBJECT_CONVERSION = YES_AGGRESSIVE;
				CLANG_CXX_LANGUAGE_STANDARD = "gnu++20";
				CLANG_ENABLE_MODULES = YES;
				CLANG_ENABLE_OBJC_ARC = YES;
				CLANG_ENABLE_OBJC_WEAK = YES;
				CLANG_WARN_BLOCK_CAPTURE_AUTORELEASING = YES;
				CLANG_WARN_BOOL_CONVERSION = YES;
				CLANG_WARN_COMMA = YES;
				CLANG_WARN_CONSTANT_CONVERSION = YES;
				CLANG_WARN_DEPRECATED_OBJC_IMPLEMENTATIONS = YES;
				CLANG_WARN_DIRECT_OBJC_ISA_USAGE = YES_ERROR;
				CLANG_WARN_DOCUMENTATION_COMMENTS = YES;
				CLANG_WARN_EMPTY_BODY = YES;
				CLANG_WARN_ENUM_CONVERSION = YES;
				CLANG_WARN_INFINITE_RECURSION = YES;
				CLANG_WARN_INT_CONVERSION = YES;
				CLANG_WARN_NON_LITERAL_NULL_CONVERSION = YES;
				CLANG_WARN_OBJC_IMPLICIT_RETAIN_SELF = YES;
				CLANG_WARN_OBJC_LITERAL_CONVERSION = YES;
				CLANG_WARN_OBJC_ROOT_CLASS = YES_ERROR;
				CLANG_WARN_QUOTED_INCLUDE_IN_FRAMEWORK_HEADER = YES;
				CLANG_WARN_RANGE_LOOP_ANALYSIS = YES;
				CLANG_WARN_STRICT_PROTOTYPES = YES;
				CLANG_WARN_SUSPICIOUS_MOVE = YES;
				CLANG_WARN_UNGUARDED_AVAILABILITY = YES_AGGRESSIVE;
				CLANG_WARN_UNREACHABLE_CODE = YES;
				CLANG_WARN__DUPLICATE_METHOD_MATCH = YES;
				COPY_PHASE_STRIP = NO;
				DEBUG_INFORMATION_FORMAT = dwarf;
				ENABLE_STRICT_OBJC_MSGSEND = YES;
				ENABLE_TESTABILITY = YES;
				ENABLE_USER_SCRIPT_SANDBOXING = YES;
				GCC_C_LANGUAGE_STANDARD = gnu17;
				GCC_DYNAMIC_NO_PIC = NO;
				GCC_NO_COMMON_BLOCKS = YES;
				GCC_OPTIMIZATION_LEVEL = 0;
				GCC_PREPROCESSOR_DEFINITIONS = (
					"DEBUG=1",
					"$(inherited)",
				);
				GCC_WARN_64_TO_32_BIT_CONVERSION = YES;
				GCC_WARN_ABOUT_RETURN_TYPE = YES_ERROR;
				GCC_WARN_UNDECLARED_SELECTOR = YES;
				GCC_WARN_UNINITIALIZED_AUTOS = YES_AGGRESSIVE;
				GCC_WARN_UNUSED_FUNCTION = YES;
				GCC_WARN_UNUSED_VARIABLE = YES;
				IPHONEOS_DEPLOYMENT_TARGET = 17.2;
				LOCALIZATION_PREFERS_STRING_CATALOGS = YES;
				MTL_ENABLE_DEBUG_INFO = INCLUDE_SOURCE;
				MTL_FAST_MATH = YES;
				ONLY_ACTIVE_ARCH = YES;
				SDKROOT = iphoneos;
				SWIFT_ACTIVE_COMPILATION_CONDITIONS = "DEBUG $(inherited)";
				SWIFT_OPTIMIZATION_LEVEL = "-Onone";
			};
			name = Debug;
		};
		F9CB020B2CADA7FB000D2D6E /* Release */ = {
			isa = XCBuildConfiguration;
			buildSettings = {
				ALWAYS_SEARCH_USER_PATHS = NO;
				ASSETCATALOG_COMPILER_GENERATE_SWIFT_ASSET_SYMBOL_EXTENSIONS = YES;
				CLANG_ANALYZER_NONNULL = YES;
				CLANG_ANALYZER_NUMBER_OBJECT_CONVERSION = YES_AGGRESSIVE;
				CLANG_CXX_LANGUAGE_STANDARD = "gnu++20";
				CLANG_ENABLE_MODULES = YES;
				CLANG_ENABLE_OBJC_ARC = YES;
				CLANG_ENABLE_OBJC_WEAK = YES;
				CLANG_WARN_BLOCK_CAPTURE_AUTORELEASING = YES;
				CLANG_WARN_BOOL_CONVERSION = YES;
				CLANG_WARN_COMMA = YES;
				CLANG_WARN_CONSTANT_CONVERSION = YES;
				CLANG_WARN_DEPRECATED_OBJC_IMPLEMENTATIONS = YES;
				CLANG_WARN_DIRECT_OBJC_ISA_USAGE = YES_ERROR;
				CLANG_WARN_DOCUMENTATION_COMMENTS = YES;
				CLANG_WARN_EMPTY_BODY = YES;
				CLANG_WARN_ENUM_CONVERSION = YES;
				CLANG_WARN_INFINITE_RECURSION = YES;
				CLANG_WARN_INT_CONVERSION = YES;
				CLANG_WARN_NON_LITERAL_NULL_CONVERSION = YES;
				CLANG_WARN_OBJC_IMPLICIT_RETAIN_SELF = YES;
				CLANG_WARN_OBJC_LITERAL_CONVERSION = YES;
				CLANG_WARN_OBJC_ROOT_CLASS = YES_ERROR;
				CLANG_WARN_QUOTED_INCLUDE_IN_FRAMEWORK_HEADER = YES;
				CLANG_WARN_RANGE_LOOP_ANALYSIS = YES;
				CLANG_WARN_STRICT_PROTOTYPES = YES;
				CLANG_WARN_SUSPICIOUS_MOVE = YES;
				CLANG_WARN_UNGUARDED_AVAILABILITY = YES_AGGRESSIVE;
				CLANG_WARN_UNREACHABLE_CODE = YES;
				CLANG_WARN__DUPLICATE_METHOD_MATCH = YES;
				COPY_PHASE_STRIP = NO;
				DEBUG_INFORMATION_FORMAT = "dwarf-with-dsym";
				ENABLE_NS_ASSERTIONS = NO;
				ENABLE_STRICT_OBJC_MSGSEND = YES;
				ENABLE_USER_SCRIPT_SANDBOXING = YES;
				GCC_C_LANGUAGE_STANDARD = gnu17;
				GCC_NO_COMMON_BLOCKS = YES;
				GCC_WARN_64_TO_32_BIT_CONVERSION = YES;
				GCC_WARN_ABOUT_RETURN_TYPE = YES_ERROR;
				GCC_WARN_UNDECLARED_SELECTOR = YES;
				GCC_WARN_UNINITIALIZED_AUTOS = YES_AGGRESSIVE;
				GCC_WARN_UNUSED_FUNCTION = YES;
				GCC_WARN_UNUSED_VARIABLE = YES;
				IPHONEOS_DEPLOYMENT_TARGET = 17.2;
				LOCALIZATION_PREFERS_STRING_CATALOGS = YES;
				MTL_ENABLE_DEBUG_INFO = NO;
				MTL_FAST_MATH = YES;
				SDKROOT = iphoneos;
				SWIFT_COMPILATION_MODE = wholemodule;
				VALIDATE_PRODUCT = YES;
			};
			name = Release;
		};
		F9CB020D2CADA7FB000D2D6E /* Debug */ = {
			isa = XCBuildConfiguration;
			baseConfigurationReference = 056B3931E83A1C9CE53E4AEA /* Pods-SwiftFake.debug.xcconfig */;
			buildSettings = {
				ARCHS = "$(ARCHS_STANDARD)";
				ASSETCATALOG_COMPILER_APPICON_NAME = AppIcon;
				ASSETCATALOG_COMPILER_GLOBAL_ACCENT_COLOR_NAME = AccentColor;
				CODE_SIGN_STYLE = Automatic;
				CURRENT_PROJECT_VERSION = 1;
				DEVELOPMENT_ASSET_PATHS = "\"SwiftFake/Preview Content\"";
				DEVELOPMENT_TEAM = 5P858WB2T8;
				ENABLE_PREVIEWS = YES;
				ENABLE_USER_SCRIPT_SANDBOXING = NO;
				ENABLE_USER_SELECTED_FILES = readwrite;
				EXCLUDED_ARCHS = "";
				"EXCLUDED_ARCHS[sdk=iphonesimulator*]" = i386;
				FRAMEWORK_SEARCH_PATHS = "$(inherited)";
				GENERATE_INFOPLIST_FILE = YES;
				HEADER_SEARCH_PATHS = "$(inherited)";
				INFOPLIST_FILE = SwiftFake/Info.plist;
				INFOPLIST_KEY_NSMicrophoneUsageDescription = "To Record Audio for deepfake";
				INFOPLIST_KEY_UIApplicationSceneManifest_Generation = YES;
				INFOPLIST_KEY_UIApplicationSupportsIndirectInputEvents = YES;
				INFOPLIST_KEY_UILaunchScreen_Generation = YES;
				INFOPLIST_KEY_UISupportedInterfaceOrientations_iPad = "UIInterfaceOrientationPortrait UIInterfaceOrientationPortraitUpsideDown UIInterfaceOrientationLandscapeLeft UIInterfaceOrientationLandscapeRight";
				INFOPLIST_KEY_UISupportedInterfaceOrientations_iPhone = "UIInterfaceOrientationPortrait UIInterfaceOrientationLandscapeLeft UIInterfaceOrientationLandscapeRight";
				LD_RUNPATH_SEARCH_PATHS = (
					"$(inherited)",
					"@executable_path/Frameworks",
				);
				LIBRARY_SEARCH_PATHS = "$(inherited)";
				MARKETING_VERSION = 1.0;
				ONLY_ACTIVE_ARCH = YES;
				OTHER_LDFLAGS = "$(inherited)";
				PRODUCT_BUNDLE_IDENTIFIER = starkomon.SwiftFake;
				PRODUCT_NAME = "$(TARGET_NAME)";
				SWIFT_EMIT_LOC_STRINGS = YES;
				SWIFT_OBJC_BRIDGING_HEADER = "$(PROJECT_DIR)/SwiftFake/SwiftFake-Bridging-Header.h";
				SWIFT_VERSION = 5.0;
				TARGETED_DEVICE_FAMILY = "1,2";
			};
			name = Debug;
		};
		F9CB020E2CADA7FB000D2D6E /* Release */ = {
			isa = XCBuildConfiguration;
			baseConfigurationReference = 48D6BED44FB567D366989C04 /* Pods-SwiftFake.release.xcconfig */;
			buildSettings = {
				ASSETCATALOG_COMPILER_APPICON_NAME = AppIcon;
				ASSETCATALOG_COMPILER_GLOBAL_ACCENT_COLOR_NAME = AccentColor;
				CODE_SIGN_STYLE = Automatic;
				CURRENT_PROJECT_VERSION = 1;
				DEVELOPMENT_ASSET_PATHS = "\"SwiftFake/Preview Content\"";
				DEVELOPMENT_TEAM = 5P858WB2T8;
				ENABLE_PREVIEWS = YES;
				ENABLE_USER_SCRIPT_SANDBOXING = NO;
				ENABLE_USER_SELECTED_FILES = readwrite;
				EXCLUDED_ARCHS = "";
				FRAMEWORK_SEARCH_PATHS = "$(inherited)";
				GENERATE_INFOPLIST_FILE = YES;
				HEADER_SEARCH_PATHS = "$(inherited)";
				INFOPLIST_FILE = SwiftFake/Info.plist;
				INFOPLIST_KEY_NSMicrophoneUsageDescription = "To Record Audio for deepfake";
				INFOPLIST_KEY_UIApplicationSceneManifest_Generation = YES;
				INFOPLIST_KEY_UIApplicationSupportsIndirectInputEvents = YES;
				INFOPLIST_KEY_UILaunchScreen_Generation = YES;
				INFOPLIST_KEY_UISupportedInterfaceOrientations_iPad = "UIInterfaceOrientationPortrait UIInterfaceOrientationPortraitUpsideDown UIInterfaceOrientationLandscapeLeft UIInterfaceOrientationLandscapeRight";
				INFOPLIST_KEY_UISupportedInterfaceOrientations_iPhone = "UIInterfaceOrientationPortrait UIInterfaceOrientationLandscapeLeft UIInterfaceOrientationLandscapeRight";
				LD_RUNPATH_SEARCH_PATHS = (
					"$(inherited)",
					"@executable_path/Frameworks",
				);
				LIBRARY_SEARCH_PATHS = "$(inherited)";
				MARKETING_VERSION = 1.0;
				ONLY_ACTIVE_ARCH = NO;
				OTHER_LDFLAGS = "$(inherited)";
				PRODUCT_BUNDLE_IDENTIFIER = starkomon.SwiftFake;
				PRODUCT_NAME = "$(TARGET_NAME)";
				SWIFT_EMIT_LOC_STRINGS = YES;
				SWIFT_OBJC_BRIDGING_HEADER = "$(PROJECT_DIR)/SwiftFake/SwiftFake-Bridging-Header.h";
				SWIFT_VERSION = 5.0;
				TARGETED_DEVICE_FAMILY = "1,2";
			};
			name = Release;
		};
		F9CB02102CADA7FB000D2D6E /* Debug */ = {
			isa = XCBuildConfiguration;
			baseConfigurationReference = 44B1B4CA4BAAA3D282B98638 /* Pods-SwiftFakeTests.debug.xcconfig */;
			buildSettings = {
				ALWAYS_EMBED_SWIFT_STANDARD_LIBRARIES = YES;
				BUNDLE_LOADER = "$(TEST_HOST)";
				CODE_SIGN_STYLE = Automatic;
				CURRENT_PROJECT_VERSION = 1;
				GENERATE_INFOPLIST_FILE = YES;
				IPHONEOS_DEPLOYMENT_TARGET = 17.2;
				MARKETING_VERSION = 1.0;
				PRODUCT_BUNDLE_IDENTIFIER = starkomon.SwiftFakeTests;
				PRODUCT_NAME = "$(TARGET_NAME)";
				SWIFT_EMIT_LOC_STRINGS = NO;
				SWIFT_VERSION = 5.0;
				TARGETED_DEVICE_FAMILY = "1,2";
				TEST_HOST = "$(BUILT_PRODUCTS_DIR)/SwiftFake.app/$(BUNDLE_EXECUTABLE_FOLDER_PATH)/SwiftFake";
			};
			name = Debug;
		};
		F9CB02112CADA7FB000D2D6E /* Release */ = {
			isa = XCBuildConfiguration;
			baseConfigurationReference = 51AB168BC5F343F7A7FBB6EC /* Pods-SwiftFakeTests.release.xcconfig */;
			buildSettings = {
				ALWAYS_EMBED_SWIFT_STANDARD_LIBRARIES = YES;
				BUNDLE_LOADER = "$(TEST_HOST)";
				CODE_SIGN_STYLE = Automatic;
				CURRENT_PROJECT_VERSION = 1;
				GENERATE_INFOPLIST_FILE = YES;
				IPHONEOS_DEPLOYMENT_TARGET = 17.2;
				MARKETING_VERSION = 1.0;
				PRODUCT_BUNDLE_IDENTIFIER = starkomon.SwiftFakeTests;
				PRODUCT_NAME = "$(TARGET_NAME)";
				SWIFT_EMIT_LOC_STRINGS = NO;
				SWIFT_VERSION = 5.0;
				TARGETED_DEVICE_FAMILY = "1,2";
				TEST_HOST = "$(BUILT_PRODUCTS_DIR)/SwiftFake.app/$(BUNDLE_EXECUTABLE_FOLDER_PATH)/SwiftFake";
			};
			name = Release;
		};
		F9CB02132CADA7FB000D2D6E /* Debug */ = {
			isa = XCBuildConfiguration;
			baseConfigurationReference = B8965D3B01C4A56012911762 /* Pods-SwiftFake-SwiftFakeUITests.debug.xcconfig */;
			buildSettings = {
				ALWAYS_EMBED_SWIFT_STANDARD_LIBRARIES = YES;
				CODE_SIGN_STYLE = Automatic;
				CURRENT_PROJECT_VERSION = 1;
				GENERATE_INFOPLIST_FILE = YES;
				MARKETING_VERSION = 1.0;
				PRODUCT_BUNDLE_IDENTIFIER = starkomon.SwiftFakeUITests;
				PRODUCT_NAME = "$(TARGET_NAME)";
				SWIFT_EMIT_LOC_STRINGS = NO;
				SWIFT_VERSION = 5.0;
				TARGETED_DEVICE_FAMILY = "1,2";
				TEST_TARGET_NAME = SwiftFake;
			};
			name = Debug;
		};
		F9CB02142CADA7FB000D2D6E /* Release */ = {
			isa = XCBuildConfiguration;
			baseConfigurationReference = 5B7344C60CD881C97CA86005 /* Pods-SwiftFake-SwiftFakeUITests.release.xcconfig */;
			buildSettings = {
				ALWAYS_EMBED_SWIFT_STANDARD_LIBRARIES = YES;
				CODE_SIGN_STYLE = Automatic;
				CURRENT_PROJECT_VERSION = 1;
				GENERATE_INFOPLIST_FILE = YES;
				MARKETING_VERSION = 1.0;
				PRODUCT_BUNDLE_IDENTIFIER = starkomon.SwiftFakeUITests;
				PRODUCT_NAME = "$(TARGET_NAME)";
				SWIFT_EMIT_LOC_STRINGS = NO;
				SWIFT_VERSION = 5.0;
				TARGETED_DEVICE_FAMILY = "1,2";
				TEST_TARGET_NAME = SwiftFake;
			};
			name = Release;
		};
/* End XCBuildConfiguration section */

/* Begin XCConfigurationList section */
		F9CB01E32CADA7F9000D2D6E /* Build configuration list for PBXProject "SwiftFake" */ = {
			isa = XCConfigurationList;
			buildConfigurations = (
				F9CB020A2CADA7FB000D2D6E /* Debug */,
				F9CB020B2CADA7FB000D2D6E /* Release */,
			);
			defaultConfigurationIsVisible = 0;
			defaultConfigurationName = Release;
		};
		F9CB020C2CADA7FB000D2D6E /* Build configuration list for PBXNativeTarget "SwiftFake" */ = {
			isa = XCConfigurationList;
			buildConfigurations = (
				F9CB020D2CADA7FB000D2D6E /* Debug */,
				F9CB020E2CADA7FB000D2D6E /* Release */,
			);
			defaultConfigurationIsVisible = 0;
			defaultConfigurationName = Release;
		};
		F9CB020F2CADA7FB000D2D6E /* Build configuration list for PBXNativeTarget "SwiftFakeTests" */ = {
			isa = XCConfigurationList;
			buildConfigurations = (
				F9CB02102CADA7FB000D2D6E /* Debug */,
				F9CB02112CADA7FB000D2D6E /* Release */,
			);
			defaultConfigurationIsVisible = 0;
			defaultConfigurationName = Release;
		};
		F9CB02122CADA7FB000D2D6E /* Build configuration list for PBXNativeTarget "SwiftFakeUITests" */ = {
			isa = XCConfigurationList;
			buildConfigurations = (
				F9CB02132CADA7FB000D2D6E /* Debug */,
				F9CB02142CADA7FB000D2D6E /* Release */,
			);
			defaultConfigurationIsVisible = 0;
			defaultConfigurationName = Release;
		};
/* End XCConfigurationList section */
	};
	rootObject = F9CB01E02CADA7F9000D2D6E /* Project object */;
}
