// !$*UTF8*$!
{
	archiveVersion = 1;
	classes = {
	};
	objectVersion = 56;
	objects = {

/* Begin PBXBuildFile section */
		F9CB01EC2CADA7F9000D2D6E /* SwiftFakeApp.swift in Sources */ = {isa = PBXBuildFile; fileRef = F9CB01EB2CADA7F9000D2D6E /* SwiftFakeApp.swift */; };
		F9CB01EE2CADA7F9000D2D6E /* ContentView.swift in Sources */ = {isa = PBXBuildFile; fileRef = F9CB01ED2CADA7F9000D2D6E /* ContentView.swift */; };
		F9CB01F02CADA7FA000D2D6E /* Assets.xcassets in Resources */ = {isa = PBXBuildFile; fileRef = F9CB01EF2CADA7FA000D2D6E /* Assets.xcassets */; };
		F9CB01F32CADA7FA000D2D6E /* Preview Assets.xcassets in Resources */ = {isa = PBXBuildFile; fileRef = F9CB01F22CADA7FA000D2D6E /* Preview Assets.xcassets */; };
		F9CB01FD2CADA7FB000D2D6E /* SwiftFakeTests.swift in Sources */ = {isa = PBXBuildFile; fileRef = F9CB01FC2CADA7FB000D2D6E /* SwiftFakeTests.swift */; };
		F9CB02072CADA7FB000D2D6E /* SwiftFakeUITests.swift in Sources */ = {isa = PBXBuildFile; fileRef = F9CB02062CADA7FB000D2D6E /* SwiftFakeUITests.swift */; };
		F9CB02092CADA7FB000D2D6E /* SwiftFakeUITestsLaunchTests.swift in Sources */ = {isa = PBXBuildFile; fileRef = F9CB02082CADA7FB000D2D6E /* SwiftFakeUITestsLaunchTests.swift */; };
		F9CB02162CADC127000D2D6E /* RecorderView.swift in Sources */ = {isa = PBXBuildFile; fileRef = F9CB02152CADC127000D2D6E /* RecorderView.swift */; };
		F9CB021A2CADC48A000D2D6E /* RecorderViewModel.swift in Sources */ = {isa = PBXBuildFile; fileRef = F9CB02192CADC48A000D2D6E /* RecorderViewModel.swift */; };
		F9CB021E2CAF1C7B000D2D6E /* ConverterViewModel.swift in Sources */ = {isa = PBXBuildFile; fileRef = F9CB021D2CAF1C7B000D2D6E /* ConverterViewModel.swift */; };
		F9CB02202CAF1C85000D2D6E /* ConverterView.swift in Sources */ = {isa = PBXBuildFile; fileRef = F9CB021F2CAF1C85000D2D6E /* ConverterView.swift */; };
/* End PBXBuildFile section */

/* Begin PBXContainerItemProxy section */
		F9CB01F92CADA7FB000D2D6E /* PBXContainerItemProxy */ = {
			isa = PBXContainerItemProxy;
			containerPortal = F9CB01E02CADA7F9000D2D6E /* Project object */;
			proxyType = 1;
			remoteGlobalIDString = F9CB01E72CADA7F9000D2D6E;
			remoteInfo = SwiftFake;
		};
		F9CB02032CADA7FB000D2D6E /* PBXContainerItemProxy */ = {
			isa = PBXContainerItemProxy;
			containerPortal = F9CB01E02CADA7F9000D2D6E /* Project object */;
			proxyType = 1;
			remoteGlobalIDString = F9CB01E72CADA7F9000D2D6E;
			remoteInfo = SwiftFake;
		};
/* End PBXContainerItemProxy section */

/* Begin PBXFileReference section */
		F9CB01E82CADA7F9000D2D6E /* SwiftFake.app */ = {isa = PBXFileReference; explicitFileType = wrapper.application; includeInIndex = 0; path = SwiftFake.app; sourceTree = BUILT_PRODUCTS_DIR; };
		F9CB01EB2CADA7F9000D2D6E /* SwiftFakeApp.swift */ = {isa = PBXFileReference; lastKnownFileType = sourcecode.swift; path = SwiftFakeApp.swift; sourceTree = "<group>"; };
		F9CB01ED2CADA7F9000D2D6E /* ContentView.swift */ = {isa = PBXFileReference; lastKnownFileType = sourcecode.swift; path = ContentView.swift; sourceTree = "<group>"; };
		F9CB01EF2CADA7FA000D2D6E /* Assets.xcassets */ = {isa = PBXFileReference; lastKnownFileType = folder.assetcatalog; path = Assets.xcassets; sourceTree = "<group>"; };
		F9CB01F22CADA7FA000D2D6E /* Preview Assets.xcassets */ = {isa = PBXFileReference; lastKnownFileType = folder.assetcatalog; path = "Preview Assets.xcassets"; sourceTree = "<group>"; };
		F9CB01F82CADA7FB000D2D6E /* SwiftFakeTests.xctest */ = {isa = PBXFileReference; explicitFileType = wrapper.cfbundle; includeInIndex = 0; path = SwiftFakeTests.xctest; sourceTree = BUILT_PRODUCTS_DIR; };
		F9CB01FC2CADA7FB000D2D6E /* SwiftFakeTests.swift */ = {isa = PBXFileReference; lastKnownFileType = sourcecode.swift; path = SwiftFakeTests.swift; sourceTree = "<group>"; };
		F9CB02022CADA7FB000D2D6E /* SwiftFakeUITests.xctest */ = {isa = PBXFileReference; explicitFileType = wrapper.cfbundle; includeInIndex = 0; path = SwiftFakeUITests.xctest; sourceTree = BUILT_PRODUCTS_DIR; };
		F9CB02062CADA7FB000D2D6E /* SwiftFakeUITests.swift */ = {isa = PBXFileReference; lastKnownFileType = sourcecode.swift; path = SwiftFakeUITests.swift; sourceTree = "<group>"; };
		F9CB02082CADA7FB000D2D6E /* SwiftFakeUITestsLaunchTests.swift */ = {isa = PBXFileReference; lastKnownFileType = sourcecode.swift; path = SwiftFakeUITestsLaunchTests.swift; sourceTree = "<group>"; };
		F9CB02152CADC127000D2D6E /* RecorderView.swift */ = {isa = PBXFileReference; lastKnownFileType = sourcecode.swift; path = RecorderView.swift; sourceTree = "<group>"; };
		F9CB02192CADC48A000D2D6E /* RecorderViewModel.swift */ = {isa = PBXFileReference; lastKnownFileType = sourcecode.swift; path = RecorderViewModel.swift; sourceTree = "<group>"; };
		F9CB021D2CAF1C7B000D2D6E /* ConverterViewModel.swift */ = {isa = PBXFileReference; lastKnownFileType = sourcecode.swift; path = ConverterViewModel.swift; sourceTree = "<group>"; };
		F9CB021F2CAF1C85000D2D6E /* ConverterView.swift */ = {isa = PBXFileReference; lastKnownFileType = sourcecode.swift; path = ConverterView.swift; sourceTree = "<group>"; };
/* End PBXFileReference section */

/* Begin PBXFrameworksBuildPhase section */
		F9CB01E52CADA7F9000D2D6E /* Frameworks */ = {
			isa = PBXFrameworksBuildPhase;
			buildActionMask = 2147483647;
			files = (
			);
			runOnlyForDeploymentPostprocessing = 0;
		};
		F9CB01F52CADA7FB000D2D6E /* Frameworks */ = {
			isa = PBXFrameworksBuildPhase;
			buildActionMask = 2147483647;
			files = (
			);
			runOnlyForDeploymentPostprocessing = 0;
		};
		F9CB01FF2CADA7FB000D2D6E /* Frameworks */ = {
			isa = PBXFrameworksBuildPhase;
			buildActionMask = 2147483647;
			files = (
			);
			runOnlyForDeploymentPostprocessing = 0;
		};
/* End PBXFrameworksBuildPhase section */

/* Begin PBXGroup section */
		F9CB01DF2CADA7F9000D2D6E = {
			isa = PBXGroup;
			children = (
				F9CB01EA2CADA7F9000D2D6E /* SwiftFake */,
				F9CB01FB2CADA7FB000D2D6E /* SwiftFakeTests */,
				F9CB02052CADA7FB000D2D6E /* SwiftFakeUITests */,
				F9CB01E92CADA7F9000D2D6E /* Products */,
			);
			sourceTree = "<group>";
		};
		F9CB01E92CADA7F9000D2D6E /* Products */ = {
			isa = PBXGroup;
			children = (
				F9CB01E82CADA7F9000D2D6E /* SwiftFake.app */,
				F9CB01F82CADA7FB000D2D6E /* SwiftFakeTests.xctest */,
				F9CB02022CADA7FB000D2D6E /* SwiftFakeUITests.xctest */,
			);
			name = Products;
			sourceTree = "<group>";
		};
		F9CB01EA2CADA7F9000D2D6E /* SwiftFake */ = {
			isa = PBXGroup;
			children = (
				F9CB01EB2CADA7F9000D2D6E /* SwiftFakeApp.swift */,
				F9CB01ED2CADA7F9000D2D6E /* ContentView.swift */,
				F9CB01EF2CADA7FA000D2D6E /* Assets.xcassets */,
				F9CB01F12CADA7FA000D2D6E /* Preview Content */,
				F9CB02152CADC127000D2D6E /* RecorderView.swift */,
				F9CB02192CADC48A000D2D6E /* RecorderViewModel.swift */,
				F9CB021D2CAF1C7B000D2D6E /* ConverterViewModel.swift */,
				F9CB021F2CAF1C85000D2D6E /* ConverterView.swift */,
			);
			path = SwiftFake;
			sourceTree = "<group>";
		};
		F9CB01F12CADA7FA000D2D6E /* Preview Content */ = {
			isa = PBXGroup;
			children = (
				F9CB01F22CADA7FA000D2D6E /* Preview Assets.xcassets */,
			);
			path = "Preview Content";
			sourceTree = "<group>";
		};
		F9CB01FB2CADA7FB000D2D6E /* SwiftFakeTests */ = {
			isa = PBXGroup;
			children = (
				F9CB01FC2CADA7FB000D2D6E /* SwiftFakeTests.swift */,
			);
			path = SwiftFakeTests;
			sourceTree = "<group>";
		};
		F9CB02052CADA7FB000D2D6E /* SwiftFakeUITests */ = {
			isa = PBXGroup;
			children = (
				F9CB02062CADA7FB000D2D6E /* SwiftFakeUITests.swift */,
				F9CB02082CADA7FB000D2D6E /* SwiftFakeUITestsLaunchTests.swift */,
			);
			path = SwiftFakeUITests;
			sourceTree = "<group>";
		};
/* End PBXGroup section */

/* Begin PBXNativeTarget section */
		F9CB01E72CADA7F9000D2D6E /* SwiftFake */ = {
			isa = PBXNativeTarget;
			buildConfigurationList = F9CB020C2CADA7FB000D2D6E /* Build configuration list for PBXNativeTarget "SwiftFake" */;
			buildPhases = (
				F9CB01E42CADA7F9000D2D6E /* Sources */,
				F9CB01E52CADA7F9000D2D6E /* Frameworks */,
				F9CB01E62CADA7F9000D2D6E /* Resources */,
			);
			buildRules = (
			);
			dependencies = (
			);
			name = SwiftFake;
			productName = SwiftFake;
			productReference = F9CB01E82CADA7F9000D2D6E /* SwiftFake.app */;
			productType = "com.apple.product-type.application";
		};
		F9CB01F72CADA7FB000D2D6E /* SwiftFakeTests */ = {
			isa = PBXNativeTarget;
			buildConfigurationList = F9CB020F2CADA7FB000D2D6E /* Build configuration list for PBXNativeTarget "SwiftFakeTests" */;
			buildPhases = (
				F9CB01F42CADA7FB000D2D6E /* Sources */,
				F9CB01F52CADA7FB000D2D6E /* Frameworks */,
				F9CB01F62CADA7FB000D2D6E /* Resources */,
			);
			buildRules = (
			);
			dependencies = (
				F9CB01FA2CADA7FB000D2D6E /* PBXTargetDependency */,
			);
			name = SwiftFakeTests;
			productName = SwiftFakeTests;
			productReference = F9CB01F82CADA7FB000D2D6E /* SwiftFakeTests.xctest */;
			productType = "com.apple.product-type.bundle.unit-test";
		};
		F9CB02012CADA7FB000D2D6E /* SwiftFakeUITests */ = {
			isa = PBXNativeTarget;
			buildConfigurationList = F9CB02122CADA7FB000D2D6E /* Build configuration list for PBXNativeTarget "SwiftFakeUITests" */;
			buildPhases = (
				F9CB01FE2CADA7FB000D2D6E /* Sources */,
				F9CB01FF2CADA7FB000D2D6E /* Frameworks */,
				F9CB02002CADA7FB000D2D6E /* Resources */,
			);
			buildRules = (
			);
			dependencies = (
				F9CB02042CADA7FB000D2D6E /* PBXTargetDependency */,
			);
			name = SwiftFakeUITests;
			productName = SwiftFakeUITests;
			productReference = F9CB02022CADA7FB000D2D6E /* SwiftFakeUITests.xctest */;
			productType = "com.apple.product-type.bundle.ui-testing";
		};
/* End PBXNativeTarget section */

/* Begin PBXProject section */
		F9CB01E02CADA7F9000D2D6E /* Project object */ = {
			isa = PBXProject;
			attributes = {
				BuildIndependentTargetsInParallel = 1;
				LastSwiftUpdateCheck = 1520;
				LastUpgradeCheck = 1520;
				TargetAttributes = {
					F9CB01E72CADA7F9000D2D6E = {
						CreatedOnToolsVersion = 15.2;
					};
					F9CB01F72CADA7FB000D2D6E = {
						CreatedOnToolsVersion = 15.2;
						TestTargetID = F9CB01E72CADA7F9000D2D6E;
					};
					F9CB02012CADA7FB000D2D6E = {
						CreatedOnToolsVersion = 15.2;
						TestTargetID = F9CB01E72CADA7F9000D2D6E;
					};
				};
			};
			buildConfigurationList = F9CB01E32CADA7F9000D2D6E /* Build configuration list for PBXProject "SwiftFake" */;
			compatibilityVersion = "Xcode 14.0";
			developmentRegion = en;
			hasScannedForEncodings = 0;
			knownRegions = (
				en,
				Base,
			);
			mainGroup = F9CB01DF2CADA7F9000D2D6E;
			productRefGroup = F9CB01E92CADA7F9000D2D6E /* Products */;
			projectDirPath = "";
			projectRoot = "";
			targets = (
				F9CB01E72CADA7F9000D2D6E /* SwiftFake */,
				F9CB01F72CADA7FB000D2D6E /* SwiftFakeTests */,
				F9CB02012CADA7FB000D2D6E /* SwiftFakeUITests */,
			);
		};
/* End PBXProject section */

/* Begin PBXResourcesBuildPhase section */
		F9CB01E62CADA7F9000D2D6E /* Resources */ = {
			isa = PBXResourcesBuildPhase;
			buildActionMask = 2147483647;
			files = (
				F9CB01F32CADA7FA000D2D6E /* Preview Assets.xcassets in Resources */,
				F9CB01F02CADA7FA000D2D6E /* Assets.xcassets in Resources */,
			);
			runOnlyForDeploymentPostprocessing = 0;
		};
		F9CB01F62CADA7FB000D2D6E /* Resources */ = {
			isa = PBXResourcesBuildPhase;
			buildActionMask = 2147483647;
			files = (
			);
			runOnlyForDeploymentPostprocessing = 0;
		};
		F9CB02002CADA7FB000D2D6E /* Resources */ = {
			isa = PBXResourcesBuildPhase;
			buildActionMask = 2147483647;
			files = (
			);
			runOnlyForDeploymentPostprocessing = 0;
		};
/* End PBXResourcesBuildPhase section */

/* Begin PBXSourcesBuildPhase section */
		F9CB01E42CADA7F9000D2D6E /* Sources */ = {
			isa = PBXSourcesBuildPhase;
			buildActionMask = 2147483647;
			files = (
				F9CB021A2CADC48A000D2D6E /* RecorderViewModel.swift in Sources */,
				F9CB021E2CAF1C7B000D2D6E /* ConverterViewModel.swift in Sources */,
				F9CB02162CADC127000D2D6E /* RecorderView.swift in Sources */,
				F9CB02202CAF1C85000D2D6E /* ConverterView.swift in Sources */,
				F9CB01EE2CADA7F9000D2D6E /* ContentView.swift in Sources */,
				F9CB01EC2CADA7F9000D2D6E /* SwiftFakeApp.swift in Sources */,
			);
			runOnlyForDeploymentPostprocessing = 0;
		};
		F9CB01F42CADA7FB000D2D6E /* Sources */ = {
			isa = PBXSourcesBuildPhase;
			buildActionMask = 2147483647;
			files = (
				F9CB01FD2CADA7FB000D2D6E /* SwiftFakeTests.swift in Sources */,
			);
			runOnlyForDeploymentPostprocessing = 0;
		};
		F9CB01FE2CADA7FB000D2D6E /* Sources */ = {
			isa = PBXSourcesBuildPhase;
			buildActionMask = 2147483647;
			files = (
				F9CB02072CADA7FB000D2D6E /* SwiftFakeUITests.swift in Sources */,
				F9CB02092CADA7FB000D2D6E /* SwiftFakeUITestsLaunchTests.swift in Sources */,
			);
			runOnlyForDeploymentPostprocessing = 0;
		};
/* End PBXSourcesBuildPhase section */

/* Begin PBXTargetDependency section */
		F9CB01FA2CADA7FB000D2D6E /* PBXTargetDependency */ = {
			isa = PBXTargetDependency;
			target = F9CB01E72CADA7F9000D2D6E /* SwiftFake */;
			targetProxy = F9CB01F92CADA7FB000D2D6E /* PBXContainerItemProxy */;
		};
		F9CB02042CADA7FB000D2D6E /* PBXTargetDependency */ = {
			isa = PBXTargetDependency;
			target = F9CB01E72CADA7F9000D2D6E /* SwiftFake */;
			targetProxy = F9CB02032CADA7FB000D2D6E /* PBXContainerItemProxy */;
		};
/* End PBXTargetDependency section */

/* Begin XCBuildConfiguration section */
		F9CB020A2CADA7FB000D2D6E /* Debug */ = {
			isa = XCBuildConfiguration;
			buildSettings = {
				ALWAYS_SEARCH_USER_PATHS = NO;
				ASSETCATALOG_COMPILER_GENERATE_SWIFT_ASSET_SYMBOL_EXTENSIONS = YES;
				CLANG_ANALYZER_NONNULL = YES;
				CLANG_ANALYZER_NUMBER_OBJECT_CONVERSION = YES_AGGRESSIVE;
				CLANG_CXX_LANGUAGE_STANDARD = "gnu++20";
				CLANG_ENABLE_MODULES = YES;
				CLANG_ENABLE_OBJC_ARC = YES;
				CLANG_ENABLE_OBJC_WEAK = YES;
				CLANG_WARN_BLOCK_CAPTURE_AUTORELEASING = YES;
				CLANG_WARN_BOOL_CONVERSION = YES;
				CLANG_WARN_COMMA = YES;
				CLANG_WARN_CONSTANT_CONVERSION = YES;
				CLANG_WARN_DEPRECATED_OBJC_IMPLEMENTATIONS = YES;
				CLANG_WARN_DIRECT_OBJC_ISA_USAGE = YES_ERROR;
				CLANG_WARN_DOCUMENTATION_COMMENTS = YES;
				CLANG_WARN_EMPTY_BODY = YES;
				CLANG_WARN_ENUM_CONVERSION = YES;
				CLANG_WARN_INFINITE_RECURSION = YES;
				CLANG_WARN_INT_CONVERSION = YES;
				CLANG_WARN_NON_LITERAL_NULL_CONVERSION = YES;
				CLANG_WARN_OBJC_IMPLICIT_RETAIN_SELF = YES;
				CLANG_WARN_OBJC_LITERAL_CONVERSION = YES;
				CLANG_WARN_OBJC_ROOT_CLASS = YES_ERROR;
				CLANG_WARN_QUOTED_INCLUDE_IN_FRAMEWORK_HEADER = YES;
				CLANG_WARN_RANGE_LOOP_ANALYSIS = YES;
				CLANG_WARN_STRICT_PROTOTYPES = YES;
				CLANG_WARN_SUSPICIOUS_MOVE = YES;
				CLANG_WARN_UNGUARDED_AVAILABILITY = YES_AGGRESSIVE;
				CLANG_WARN_UNREACHABLE_CODE = YES;
				CLANG_WARN__DUPLICATE_METHOD_MATCH = YES;
				COPY_PHASE_STRIP = NO;
				DEBUG_INFORMATION_FORMAT = dwarf;
				ENABLE_STRICT_OBJC_MSGSEND = YES;
				ENABLE_TESTABILITY = YES;
				ENABLE_USER_SCRIPT_SANDBOXING = YES;
				GCC_C_LANGUAGE_STANDARD = gnu17;
				GCC_DYNAMIC_NO_PIC = NO;
				GCC_NO_COMMON_BLOCKS = YES;
				GCC_OPTIMIZATION_LEVEL = 0;
				GCC_PREPROCESSOR_DEFINITIONS = (
					"DEBUG=1",
					"$(inherited)",
				);
				GCC_WARN_64_TO_32_BIT_CONVERSION = YES;
				GCC_WARN_ABOUT_RETURN_TYPE = YES_ERROR;
				GCC_WARN_UNDECLARED_SELECTOR = YES;
				GCC_WARN_UNINITIALIZED_AUTOS = YES_AGGRESSIVE;
				GCC_WARN_UNUSED_FUNCTION = YES;
				GCC_WARN_UNUSED_VARIABLE = YES;
				IPHONEOS_DEPLOYMENT_TARGET = 17.2;
				LOCALIZATION_PREFERS_STRING_CATALOGS = YES;
				MTL_ENABLE_DEBUG_INFO = INCLUDE_SOURCE;
				MTL_FAST_MATH = YES;
				ONLY_ACTIVE_ARCH = YES;
				SDKROOT = iphoneos;
				SWIFT_ACTIVE_COMPILATION_CONDITIONS = "DEBUG $(inherited)";
				SWIFT_OPTIMIZATION_LEVEL = "-Onone";
			};
			name = Debug;
		};
		F9CB020B2CADA7FB000D2D6E /* Release */ = {
			isa = XCBuildConfiguration;
			buildSettings = {
				ALWAYS_SEARCH_USER_PATHS = NO;
				ASSETCATALOG_COMPILER_GENERATE_SWIFT_ASSET_SYMBOL_EXTENSIONS = YES;
				CLANG_ANALYZER_NONNULL = YES;
				CLANG_ANALYZER_NUMBER_OBJECT_CONVERSION = YES_AGGRESSIVE;
				CLANG_CXX_LANGUAGE_STANDARD = "gnu++20";
				CLANG_ENABLE_MODULES = YES;
				CLANG_ENABLE_OBJC_ARC = YES;
				CLANG_ENABLE_OBJC_WEAK = YES;
				CLANG_WARN_BLOCK_CAPTURE_AUTORELEASING = YES;
				CLANG_WARN_BOOL_CONVERSION = YES;
				CLANG_WARN_COMMA = YES;
				CLANG_WARN_CONSTANT_CONVERSION = YES;
				CLANG_WARN_DEPRECATED_OBJC_IMPLEMENTATIONS = YES;
				CLANG_WARN_DIRECT_OBJC_ISA_USAGE = YES_ERROR;
				CLANG_WARN_DOCUMENTATION_COMMENTS = YES;
				CLANG_WARN_EMPTY_BODY = YES;
				CLANG_WARN_ENUM_CONVERSION = YES;
				CLANG_WARN_INFINITE_RECURSION = YES;
				CLANG_WARN_INT_CONVERSION = YES;
				CLANG_WARN_NON_LITERAL_NULL_CONVERSION = YES;
				CLANG_WARN_OBJC_IMPLICIT_RETAIN_SELF = YES;
				CLANG_WARN_OBJC_LITERAL_CONVERSION = YES;
				CLANG_WARN_OBJC_ROOT_CLASS = YES_ERROR;
				CLANG_WARN_QUOTED_INCLUDE_IN_FRAMEWORK_HEADER = YES;
				CLANG_WARN_RANGE_LOOP_ANALYSIS = YES;
				CLANG_WARN_STRICT_PROTOTYPES = YES;
				CLANG_WARN_SUSPICIOUS_MOVE = YES;
				CLANG_WARN_UNGUARDED_AVAILABILITY = YES_AGGRESSIVE;
				CLANG_WARN_UNREACHABLE_CODE = YES;
				CLANG_WARN__DUPLICATE_METHOD_MATCH = YES;
				COPY_PHASE_STRIP = NO;
				DEBUG_INFORMATION_FORMAT = "dwarf-with-dsym";
				ENABLE_NS_ASSERTIONS = NO;
				ENABLE_STRICT_OBJC_MSGSEND = YES;
				ENABLE_USER_SCRIPT_SANDBOXING = YES;
				GCC_C_LANGUAGE_STANDARD = gnu17;
				GCC_NO_COMMON_BLOCKS = YES;
				GCC_WARN_64_TO_32_BIT_CONVERSION = YES;
				GCC_WARN_ABOUT_RETURN_TYPE = YES_ERROR;
				GCC_WARN_UNDECLARED_SELECTOR = YES;
				GCC_WARN_UNINITIALIZED_AUTOS = YES_AGGRESSIVE;
				GCC_WARN_UNUSED_FUNCTION = YES;
				GCC_WARN_UNUSED_VARIABLE = YES;
				IPHONEOS_DEPLOYMENT_TARGET = 17.2;
				LOCALIZATION_PREFERS_STRING_CATALOGS = YES;
				MTL_ENABLE_DEBUG_INFO = NO;
				MTL_FAST_MATH = YES;
				SDKROOT = iphoneos;
				SWIFT_COMPILATION_MODE = wholemodule;
				VALIDATE_PRODUCT = YES;
			};
			name = Release;
		};
		F9CB020D2CADA7FB000D2D6E /* Debug */ = {
			isa = XCBuildConfiguration;
			buildSettings = {
				ASSETCATALOG_COMPILER_APPICON_NAME = AppIcon;
				ASSETCATALOG_COMPILER_GLOBAL_ACCENT_COLOR_NAME = AccentColor;
				CODE_SIGN_STYLE = Automatic;
				CURRENT_PROJECT_VERSION = 1;
				DEVELOPMENT_ASSET_PATHS = "\"SwiftFake/Preview Content\"";
				ENABLE_PREVIEWS = YES;
				GENERATE_INFOPLIST_FILE = YES;
				INFOPLIST_KEY_UIApplicationSceneManifest_Generation = YES;
				INFOPLIST_KEY_UIApplicationSupportsIndirectInputEvents = YES;
				INFOPLIST_KEY_UILaunchScreen_Generation = YES;
				INFOPLIST_KEY_UISupportedInterfaceOrientations_iPad = "UIInterfaceOrientationPortrait UIInterfaceOrientationPortraitUpsideDown UIInterfaceOrientationLandscapeLeft UIInterfaceOrientationLandscapeRight";
				INFOPLIST_KEY_UISupportedInterfaceOrientations_iPhone = "UIInterfaceOrientationPortrait UIInterfaceOrientationLandscapeLeft UIInterfaceOrientationLandscapeRight";
				LD_RUNPATH_SEARCH_PATHS = (
					"$(inherited)",
					"@executable_path/Frameworks",
				);
				MARKETING_VERSION = 1.0;
				PRODUCT_BUNDLE_IDENTIFIER = starkomon.SwiftFake;
				PRODUCT_NAME = "$(TARGET_NAME)";
				SWIFT_EMIT_LOC_STRINGS = YES;
				SWIFT_VERSION = 5.0;
				TARGETED_DEVICE_FAMILY = "1,2";
			};
			name = Debug;
		};
		F9CB020E2CADA7FB000D2D6E /* Release */ = {
			isa = XCBuildConfiguration;
			buildSettings = {
				ASSETCATALOG_COMPILER_APPICON_NAME = AppIcon;
				ASSETCATALOG_COMPILER_GLOBAL_ACCENT_COLOR_NAME = AccentColor;
				CODE_SIGN_STYLE = Automatic;
				CURRENT_PROJECT_VERSION = 1;
				DEVELOPMENT_ASSET_PATHS = "\"SwiftFake/Preview Content\"";
				ENABLE_PREVIEWS = YES;
				GENERATE_INFOPLIST_FILE = YES;
				INFOPLIST_KEY_UIApplicationSceneManifest_Generation = YES;
				INFOPLIST_KEY_UIApplicationSupportsIndirectInputEvents = YES;
				INFOPLIST_KEY_UILaunchScreen_Generation = YES;
				INFOPLIST_KEY_UISupportedInterfaceOrientations_iPad = "UIInterfaceOrientationPortrait UIInterfaceOrientationPortraitUpsideDown UIInterfaceOrientationLandscapeLeft UIInterfaceOrientationLandscapeRight";
				INFOPLIST_KEY_UISupportedInterfaceOrientations_iPhone = "UIInterfaceOrientationPortrait UIInterfaceOrientationLandscapeLeft UIInterfaceOrientationLandscapeRight";
				LD_RUNPATH_SEARCH_PATHS = (
					"$(inherited)",
					"@executable_path/Frameworks",
				);
				MARKETING_VERSION = 1.0;
				PRODUCT_BUNDLE_IDENTIFIER = starkomon.SwiftFake;
				PRODUCT_NAME = "$(TARGET_NAME)";
				SWIFT_EMIT_LOC_STRINGS = YES;
				SWIFT_VERSION = 5.0;
				TARGETED_DEVICE_FAMILY = "1,2";
			};
			name = Release;
		};
		F9CB02102CADA7FB000D2D6E /* Debug */ = {
			isa = XCBuildConfiguration;
			buildSettings = {
				ALWAYS_EMBED_SWIFT_STANDARD_LIBRARIES = YES;
				BUNDLE_LOADER = "$(TEST_HOST)";
				CODE_SIGN_STYLE = Automatic;
				CURRENT_PROJECT_VERSION = 1;
				GENERATE_INFOPLIST_FILE = YES;
				IPHONEOS_DEPLOYMENT_TARGET = 17.2;
				MARKETING_VERSION = 1.0;
				PRODUCT_BUNDLE_IDENTIFIER = starkomon.SwiftFakeTests;
				PRODUCT_NAME = "$(TARGET_NAME)";
				SWIFT_EMIT_LOC_STRINGS = NO;
				SWIFT_VERSION = 5.0;
				TARGETED_DEVICE_FAMILY = "1,2";
				TEST_HOST = "$(BUILT_PRODUCTS_DIR)/SwiftFake.app/$(BUNDLE_EXECUTABLE_FOLDER_PATH)/SwiftFake";
			};
			name = Debug;
		};
		F9CB02112CADA7FB000D2D6E /* Release */ = {
			isa = XCBuildConfiguration;
			buildSettings = {
				ALWAYS_EMBED_SWIFT_STANDARD_LIBRARIES = YES;
				BUNDLE_LOADER = "$(TEST_HOST)";
				CODE_SIGN_STYLE = Automatic;
				CURRENT_PROJECT_VERSION = 1;
				GENERATE_INFOPLIST_FILE = YES;
				IPHONEOS_DEPLOYMENT_TARGET = 17.2;
				MARKETING_VERSION = 1.0;
				PRODUCT_BUNDLE_IDENTIFIER = starkomon.SwiftFakeTests;
				PRODUCT_NAME = "$(TARGET_NAME)";
				SWIFT_EMIT_LOC_STRINGS = NO;
				SWIFT_VERSION = 5.0;
				TARGETED_DEVICE_FAMILY = "1,2";
				TEST_HOST = "$(BUILT_PRODUCTS_DIR)/SwiftFake.app/$(BUNDLE_EXECUTABLE_FOLDER_PATH)/SwiftFake";
			};
			name = Release;
		};
		F9CB02132CADA7FB000D2D6E /* Debug */ = {
			isa = XCBuildConfiguration;
			buildSettings = {
				ALWAYS_EMBED_SWIFT_STANDARD_LIBRARIES = YES;
				CODE_SIGN_STYLE = Automatic;
				CURRENT_PROJECT_VERSION = 1;
				GENERATE_INFOPLIST_FILE = YES;
				MARKETING_VERSION = 1.0;
				PRODUCT_BUNDLE_IDENTIFIER = starkomon.SwiftFakeUITests;
				PRODUCT_NAME = "$(TARGET_NAME)";
				SWIFT_EMIT_LOC_STRINGS = NO;
				SWIFT_VERSION = 5.0;
				TARGETED_DEVICE_FAMILY = "1,2";
				TEST_TARGET_NAME = SwiftFake;
			};
			name = Debug;
		};
		F9CB02142CADA7FB000D2D6E /* Release */ = {
			isa = XCBuildConfiguration;
			buildSettings = {
				ALWAYS_EMBED_SWIFT_STANDARD_LIBRARIES = YES;
				CODE_SIGN_STYLE = Automatic;
				CURRENT_PROJECT_VERSION = 1;
				GENERATE_INFOPLIST_FILE = YES;
				MARKETING_VERSION = 1.0;
				PRODUCT_BUNDLE_IDENTIFIER = starkomon.SwiftFakeUITests;
				PRODUCT_NAME = "$(TARGET_NAME)";
				SWIFT_EMIT_LOC_STRINGS = NO;
				SWIFT_VERSION = 5.0;
				TARGETED_DEVICE_FAMILY = "1,2";
				TEST_TARGET_NAME = SwiftFake;
			};
			name = Release;
		};
/* End XCBuildConfiguration section */

/* Begin XCConfigurationList section */
		F9CB01E32CADA7F9000D2D6E /* Build configuration list for PBXProject "SwiftFake" */ = {
			isa = XCConfigurationList;
			buildConfigurations = (
				F9CB020A2CADA7FB000D2D6E /* Debug */,
				F9CB020B2CADA7FB000D2D6E /* Release */,
			);
			defaultConfigurationIsVisible = 0;
			defaultConfigurationName = Release;
		};
		F9CB020C2CADA7FB000D2D6E /* Build configuration list for PBXNativeTarget "SwiftFake" */ = {
			isa = XCConfigurationList;
			buildConfigurations = (
				F9CB020D2CADA7FB000D2D6E /* Debug */,
				F9CB020E2CADA7FB000D2D6E /* Release */,
			);
			defaultConfigurationIsVisible = 0;
			defaultConfigurationName = Release;
		};
		F9CB020F2CADA7FB000D2D6E /* Build configuration list for PBXNativeTarget "SwiftFakeTests" */ = {
			isa = XCConfigurationList;
			buildConfigurations = (
				F9CB02102CADA7FB000D2D6E /* Debug */,
				F9CB02112CADA7FB000D2D6E /* Release */,
			);
			defaultConfigurationIsVisible = 0;
			defaultConfigurationName = Release;
		};
		F9CB02122CADA7FB000D2D6E /* Build configuration list for PBXNativeTarget "SwiftFakeUITests" */ = {
			isa = XCConfigurationList;
			buildConfigurations = (
				F9CB02132CADA7FB000D2D6E /* Debug */,
				F9CB02142CADA7FB000D2D6E /* Release */,
			);
			defaultConfigurationIsVisible = 0;
			defaultConfigurationName = Release;
		};
/* End XCConfigurationList section */
	};
	rootObject = F9CB01E02CADA7F9000D2D6E /* Project object */;
}
